
Microsoft Visual Studio Solution File, Format Version 12.00
# Visual Studio Version 16
VisualStudioVersion = 16.0.29920.165
MinimumVisualStudioVersion = 10.0.40219.1
Project("{9A19103F-16F7-4668-BE54-9A1E7A4F7556}") = "Casino.API", "Casino.API\Casino.API.csproj", "{B710B2FE-D6D0-44EF-8AFA-CDED0851E53A}"
EndProject
Project("{9A19103F-16F7-4668-BE54-9A1E7A4F7556}") = "Casino.UnitTests", "Casino.UnitTests\Casino.UnitTests.csproj", "{88994461-5617-4415-9E28-298E8E6DBEA8}"
EndProject
Project("{9A19103F-16F7-4668-BE54-9A1E7A4F7556}") = "Casino.IntegrationTests", "Casino.IntegrationTests\Casino.IntegrationTests.csproj", "{A845DD79-1188-4734-B095-63283B40C6E0}"
EndProject
Project("{FAE04EC0-301F-11D3-BF4B-00C04F79EFBC}") = "Casino.Data", "Casino.Data\Casino.Data.csproj", "{A44E8B7F-455C-44D4-9D1C-92F794619E29}"
	ProjectSection(ProjectDependencies) = postProject
		{B2D75DF3-9EDD-407F-BD02-A007D5212F5E} = {B2D75DF3-9EDD-407F-BD02-A007D5212F5E}
	EndProjectSection
EndProject
Project("{2150E333-8FDC-42A3-9474-1A3956D46DE8}") = "API", "API", "{8C9DE22C-A1EE-40D6-88B7-CB68F661D80C}"
EndProject
Project("{2150E333-8FDC-42A3-9474-1A3956D46DE8}") = "Data", "Data", "{FFED378A-0768-4EE2-848A-CDD2923ED5DB}"
EndProject
Project("{2150E333-8FDC-42A3-9474-1A3956D46DE8}") = "Services", "Services", "{F9D6D116-115F-463C-B951-69BEEA153251}"
EndProject
Project("{FAE04EC0-301F-11D3-BF4B-00C04F79EFBC}") = "Casino.Services", "Casino.Services\Casino.Services.csproj", "{B2D75DF3-9EDD-407F-BD02-A007D5212F5E}"
EndProject
Project("{FAE04EC0-301F-11D3-BF4B-00C04F79EFBC}") = "Casino.API.UnitTests", "Casino.API.UnitTest\Casino.API.UnitTests.csproj", "{C564C429-FCAA-4097-BC7C-0FBB276BCCE1}"
EndProject
Project("{FAE04EC0-301F-11D3-BF4B-00C04F79EFBC}") = "Casino.Data.UnitTests", "Casino.Data.UnitTests\Casino.Data.UnitTests.csproj", "{DAB14019-F155-4E8E-89AA-986FD35A81D8}"
EndProject
Project("{FAE04EC0-301F-11D3-BF4B-00C04F79EFBC}") = "Casino.Services.UnitTests", "Casino.Services.UnitTests\Casino.Services.UnitTests.csproj", "{D9189A2A-38EC-441E-9652-ACA9EEE87E05}"
EndProject
Project("{2150E333-8FDC-42A3-9474-1A3956D46DE8}") = "BussinessLogic", "BussinessLogic", "{C65DAD27-74D2-454B-A2DC-A0181E2FEB82}"
EndProject
Project("{FAE04EC0-301F-11D3-BF4B-00C04F79EFBC}") = "Casino.BussinessLogic", "Casino.BussinessLogic\Casino.BussinessLogic.csproj", "{D7207B40-ABEC-4DA5-A639-7857CDD89EFD}"
EndProject
Global
	GlobalSection(SolutionConfigurationPlatforms) = preSolution
		Debug|Any CPU = Debug|Any CPU
		Release|Any CPU = Release|Any CPU
	EndGlobalSection
	GlobalSection(ProjectConfigurationPlatforms) = postSolution
		{B710B2FE-D6D0-44EF-8AFA-CDED0851E53A}.Debug|Any CPU.ActiveCfg = Debug|Any CPU
		{B710B2FE-D6D0-44EF-8AFA-CDED0851E53A}.Debug|Any CPU.Build.0 = Debug|Any CPU
		{B710B2FE-D6D0-44EF-8AFA-CDED0851E53A}.Release|Any CPU.ActiveCfg = Release|Any CPU
		{B710B2FE-D6D0-44EF-8AFA-CDED0851E53A}.Release|Any CPU.Build.0 = Release|Any CPU
		{88994461-5617-4415-9E28-298E8E6DBEA8}.Debug|Any CPU.ActiveCfg = Debug|Any CPU
		{88994461-5617-4415-9E28-298E8E6DBEA8}.Debug|Any CPU.Build.0 = Debug|Any CPU
		{88994461-5617-4415-9E28-298E8E6DBEA8}.Release|Any CPU.ActiveCfg = Release|Any CPU
		{88994461-5617-4415-9E28-298E8E6DBEA8}.Release|Any CPU.Build.0 = Release|Any CPU
		{A845DD79-1188-4734-B095-63283B40C6E0}.Debug|Any CPU.ActiveCfg = Debug|Any CPU
		{A845DD79-1188-4734-B095-63283B40C6E0}.Debug|Any CPU.Build.0 = Debug|Any CPU
		{A845DD79-1188-4734-B095-63283B40C6E0}.Release|Any CPU.ActiveCfg = Release|Any CPU
		{A845DD79-1188-4734-B095-63283B40C6E0}.Release|Any CPU.Build.0 = Release|Any CPU
		{A44E8B7F-455C-44D4-9D1C-92F794619E29}.Debug|Any CPU.ActiveCfg = Debug|Any CPU
		{A44E8B7F-455C-44D4-9D1C-92F794619E29}.Debug|Any CPU.Build.0 = Debug|Any CPU
		{A44E8B7F-455C-44D4-9D1C-92F794619E29}.Release|Any CPU.ActiveCfg = Release|Any CPU
		{A44E8B7F-455C-44D4-9D1C-92F794619E29}.Release|Any CPU.Build.0 = Release|Any CPU
		{B2D75DF3-9EDD-407F-BD02-A007D5212F5E}.Debug|Any CPU.ActiveCfg = Debug|Any CPU
		{B2D75DF3-9EDD-407F-BD02-A007D5212F5E}.Debug|Any CPU.Build.0 = Debug|Any CPU
		{B2D75DF3-9EDD-407F-BD02-A007D5212F5E}.Release|Any CPU.ActiveCfg = Release|Any CPU
		{B2D75DF3-9EDD-407F-BD02-A007D5212F5E}.Release|Any CPU.Build.0 = Release|Any CPU
		{C564C429-FCAA-4097-BC7C-0FBB276BCCE1}.Debug|Any CPU.ActiveCfg = Debug|Any CPU
		{C564C429-FCAA-4097-BC7C-0FBB276BCCE1}.Debug|Any CPU.Build.0 = Debug|Any CPU
		{C564C429-FCAA-4097-BC7C-0FBB276BCCE1}.Release|Any CPU.ActiveCfg = Release|Any CPU
		{C564C429-FCAA-4097-BC7C-0FBB276BCCE1}.Release|Any CPU.Build.0 = Release|Any CPU
		{DAB14019-F155-4E8E-89AA-986FD35A81D8}.Debug|Any CPU.ActiveCfg = Debug|Any CPU
		{DAB14019-F155-4E8E-89AA-986FD35A81D8}.Debug|Any CPU.Build.0 = Debug|Any CPU
		{DAB14019-F155-4E8E-89AA-986FD35A81D8}.Release|Any CPU.ActiveCfg = Release|Any CPU
		{DAB14019-F155-4E8E-89AA-986FD35A81D8}.Release|Any CPU.Build.0 = Release|Any CPU
		{D9189A2A-38EC-441E-9652-ACA9EEE87E05}.Debug|Any CPU.ActiveCfg = Debug|Any CPU
		{D9189A2A-38EC-441E-9652-ACA9EEE87E05}.Debug|Any CPU.Build.0 = Debug|Any CPU
		{D9189A2A-38EC-441E-9652-ACA9EEE87E05}.Release|Any CPU.ActiveCfg = Release|Any CPU
		{D9189A2A-38EC-441E-9652-ACA9EEE87E05}.Release|Any CPU.Build.0 = Release|Any CPU
		{D7207B40-ABEC-4DA5-A639-7857CDD89EFD}.Debug|Any CPU.ActiveCfg = Debug|Any CPU
		{D7207B40-ABEC-4DA5-A639-7857CDD89EFD}.Debug|Any CPU.Build.0 = Debug|Any CPU
		{D7207B40-ABEC-4DA5-A639-7857CDD89EFD}.Release|Any CPU.ActiveCfg = Release|Any CPU
		{D7207B40-ABEC-4DA5-A639-7857CDD89EFD}.Release|Any CPU.Build.0 = Release|Any CPU
	EndGlobalSection
	GlobalSection(SolutionProperties) = preSolution
		HideSolutionNode = FALSE
	EndGlobalSection
	GlobalSection(NestedProjects) = preSolution
		{B710B2FE-D6D0-44EF-8AFA-CDED0851E53A} = {8C9DE22C-A1EE-40D6-88B7-CB68F661D80C}
		{A44E8B7F-455C-44D4-9D1C-92F794619E29} = {FFED378A-0768-4EE2-848A-CDD2923ED5DB}
		{B2D75DF3-9EDD-407F-BD02-A007D5212F5E} = {F9D6D116-115F-463C-B951-69BEEA153251}
		{C564C429-FCAA-4097-BC7C-0FBB276BCCE1} = {8C9DE22C-A1EE-40D6-88B7-CB68F661D80C}
		{DAB14019-F155-4E8E-89AA-986FD35A81D8} = {FFED378A-0768-4EE2-848A-CDD2923ED5DB}
		{D9189A2A-38EC-441E-9652-ACA9EEE87E05} = {F9D6D116-115F-463C-B951-69BEEA153251}
		{D7207B40-ABEC-4DA5-A639-7857CDD89EFD} = {C65DAD27-74D2-454B-A2DC-A0181E2FEB82}
	EndGlobalSection
	GlobalSection(ExtensibilityGlobals) = postSolution
		SolutionGuid = {7BF07725-5F0E-48D2-A053-1958E3A5BC1B}
	EndGlobalSection
EndGlobal
